
Microsoft Visual Studio Solution File, Format Version 12.00
# Visual Studio Version 17
VisualStudioVersion = 17.5.33424.131
MinimumVisualStudioVersion = 10.0.40219.1
Project("{FAE04EC0-301F-11D3-BF4B-00C04F79EFBC}") = "Stability.EsapiApp", "Stability.EsapiApp.csproj", "{F2D59B5D-0009-4DC5-87E7-BFC7BF4B8EA3}"
EndProject
Project("{FAE04EC0-301F-11D3-BF4B-00C04F79EFBC}") = "Stability.StablePointFinderClassOld", "Stability.StablePointFinderClass\Stability.StablePointFinderClassOld.csproj", "{E7BF5553-2DBE-4E7E-8EE2-92CD2F06E9F2}"
EndProject
Project("{FAE04EC0-301F-11D3-BF4B-00C04F79EFBC}") = "Stability.ConsoleRunner", "Stability.ConsoleRunner\Stability.ConsoleRunner.csproj", "{6ABB40D9-0C50-44BF-9067-702C7A2008C4}"
EndProject
Project("{FAE04EC0-301F-11D3-BF4B-00C04F79EFBC}") = "Stability.FinderClass", "Stability.FinderClass\Stability.FinderClass.csproj", "{7ED3FF14-A65D-498D-A6A1-55747D30BD24}"
EndProject
Project("{FAE04EC0-301F-11D3-BF4B-00C04F79EFBC}") = "Stability.ConsoleAppRunner", "Stability.ConsoleAppRunner\Stability.ConsoleAppRunner.csproj", "{D27D5519-7332-4FF2-B38A-AB2093E070BB}"
EndProject
Global
	GlobalSection(SolutionConfigurationPlatforms) = preSolution
		Debug|Any CPU = Debug|Any CPU
		Debug|x64 = Debug|x64
		Release|Any CPU = Release|Any CPU
		Release|x64 = Release|x64
	EndGlobalSection
	GlobalSection(ProjectConfigurationPlatforms) = postSolution
		{F2D59B5D-0009-4DC5-87E7-BFC7BF4B8EA3}.Debug|Any CPU.ActiveCfg = Debug|x64
		{F2D59B5D-0009-4DC5-87E7-BFC7BF4B8EA3}.Debug|Any CPU.Build.0 = Debug|x64
		{F2D59B5D-0009-4DC5-87E7-BFC7BF4B8EA3}.Debug|x64.ActiveCfg = Debug|x64
		{F2D59B5D-0009-4DC5-87E7-BFC7BF4B8EA3}.Debug|x64.Build.0 = Debug|x64
		{F2D59B5D-0009-4DC5-87E7-BFC7BF4B8EA3}.Release|Any CPU.ActiveCfg = Release|x64
		{F2D59B5D-0009-4DC5-87E7-BFC7BF4B8EA3}.Release|Any CPU.Build.0 = Release|x64
		{F2D59B5D-0009-4DC5-87E7-BFC7BF4B8EA3}.Release|x64.ActiveCfg = Release|x64
		{F2D59B5D-0009-4DC5-87E7-BFC7BF4B8EA3}.Release|x64.Build.0 = Release|x64
		{E7BF5553-2DBE-4E7E-8EE2-92CD2F06E9F2}.Debug|Any CPU.ActiveCfg = Debug|x64
		{E7BF5553-2DBE-4E7E-8EE2-92CD2F06E9F2}.Debug|Any CPU.Build.0 = Debug|x64
		{E7BF5553-2DBE-4E7E-8EE2-92CD2F06E9F2}.Debug|x64.ActiveCfg = Debug|x64
		{E7BF5553-2DBE-4E7E-8EE2-92CD2F06E9F2}.Debug|x64.Build.0 = Debug|x64
		{E7BF5553-2DBE-4E7E-8EE2-92CD2F06E9F2}.Release|Any CPU.ActiveCfg = Release|Any CPU
		{E7BF5553-2DBE-4E7E-8EE2-92CD2F06E9F2}.Release|Any CPU.Build.0 = Release|Any CPU
		{E7BF5553-2DBE-4E7E-8EE2-92CD2F06E9F2}.Release|x64.ActiveCfg = Release|Any CPU
		{E7BF5553-2DBE-4E7E-8EE2-92CD2F06E9F2}.Release|x64.Build.0 = Release|Any CPU
		{6ABB40D9-0C50-44BF-9067-702C7A2008C4}.Debug|Any CPU.ActiveCfg = Debug|x64
		{6ABB40D9-0C50-44BF-9067-702C7A2008C4}.Debug|Any CPU.Build.0 = Debug|x64
		{6ABB40D9-0C50-44BF-9067-702C7A2008C4}.Debug|x64.ActiveCfg = Debug|x64
		{6ABB40D9-0C50-44BF-9067-702C7A2008C4}.Debug|x64.Build.0 = Debug|x64
		{6ABB40D9-0C50-44BF-9067-702C7A2008C4}.Release|Any CPU.ActiveCfg = Release|Any CPU
		{6ABB40D9-0C50-44BF-9067-702C7A2008C4}.Release|Any CPU.Build.0 = Release|Any CPU
		{6ABB40D9-0C50-44BF-9067-702C7A2008C4}.Release|x64.ActiveCfg = Release|Any CPU
		{6ABB40D9-0C50-44BF-9067-702C7A2008C4}.Release|x64.Build.0 = Release|Any CPU
		{7ED3FF14-A65D-498D-A6A1-55747D30BD24}.Debug|Any CPU.ActiveCfg = Debug|Any CPU
		{7ED3FF14-A65D-498D-A6A1-55747D30BD24}.Debug|Any CPU.Build.0 = Debug|Any CPU
		{7ED3FF14-A65D-498D-A6A1-55747D30BD24}.Debug|x64.ActiveCfg = Debug|x64
		{7ED3FF14-A65D-498D-A6A1-55747D30BD24}.Debug|x64.Build.0 = Debug|x64
		{7ED3FF14-A65D-498D-A6A1-55747D30BD24}.Release|Any CPU.ActiveCfg = Release|Any CPU
		{7ED3FF14-A65D-498D-A6A1-55747D30BD24}.Release|Any CPU.Build.0 = Release|Any CPU
		{7ED3FF14-A65D-498D-A6A1-55747D30BD24}.Release|x64.ActiveCfg = Release|Any CPU
		{7ED3FF14-A65D-498D-A6A1-55747D30BD24}.Release|x64.Build.0 = Release|Any CPU
		{D27D5519-7332-4FF2-B38A-AB2093E070BB}.Debug|Any CPU.ActiveCfg = Debug|Any CPU
		{D27D5519-7332-4FF2-B38A-AB2093E070BB}.Debug|Any CPU.Build.0 = Debug|Any CPU
		{D27D5519-7332-4FF2-B38A-AB2093E070BB}.Debug|x64.ActiveCfg = Debug|x64
		{D27D5519-7332-4FF2-B38A-AB2093E070BB}.Debug|x64.Build.0 = Debug|x64
		{D27D5519-7332-4FF2-B38A-AB2093E070BB}.Release|Any CPU.ActiveCfg = Release|Any CPU
		{D27D5519-7332-4FF2-B38A-AB2093E070BB}.Release|Any CPU.Build.0 = Release|Any CPU
		{D27D5519-7332-4FF2-B38A-AB2093E070BB}.Release|x64.ActiveCfg = Release|Any CPU
		{D27D5519-7332-4FF2-B38A-AB2093E070BB}.Release|x64.Build.0 = Release|Any CPU
	EndGlobalSection
	GlobalSection(SolutionProperties) = preSolution
		HideSolutionNode = FALSE
	EndGlobalSection
	GlobalSection(ExtensibilityGlobals) = postSolution
		SolutionGuid = {F2ABE921-2091-4646-B1FF-AD7D07E3C040}
	EndGlobalSection
EndGlobal
